
Microsoft Visual Studio Solution File, Format Version 12.00
# Visual Studio Version 16
VisualStudioVersion = 16.0.28407.52
MinimumVisualStudioVersion = 10.0.40219.1
Project("{9A19103F-16F7-4668-BE54-9A1E7A4F7556}") = "LocalisedResourceExtractionBenchmark", "LocalisedResourceExtractionBenchmark\LocalisedResourceExtractionBenchmark.csproj", "{287630D8-052A-435E-9297-BD49B67C2279}"
EndProject
Project("{9A19103F-16F7-4668-BE54-9A1E7A4F7556}") = "NuGetCatalogParserBenchmark", "NuGetCatalogParserBenchmark\NuGetCatalogParserBenchmark.csproj", "{B8501ABC-345D-4EE5-A88A-D0A2DCCBB3A5}"
EndProject
Project("{2150E333-8FDC-42A3-9474-1A3956D46DE8}") = "Solution Items", "Solution Items", "{3D4540F6-B276-457C-9CD8-BD28F18BED8F}"
	ProjectSection(SolutionItems) = preProject
		.gitattributes = .gitattributes
		.gitignore = .gitignore
	EndProjectSection
EndProject
Project("{9A19103F-16F7-4668-BE54-9A1E7A4F7556}") = "NuGetCatalogParserTests", "NuGetCatalogParserTests\NuGetCatalogParserTests.csproj", "{ECC72AB1-D2FD-4068-BA62-9498DDB05F68}"
EndProject
Project("{2150E333-8FDC-42A3-9474-1A3956D46DE8}") = "NuGet Catalog", "NuGet Catalog", "{7BD3628F-58E4-450D-8C80-30499C4EC80B}"
EndProject
Project("{9A19103F-16F7-4668-BE54-9A1E7A4F7556}") = "JsonParsingBenchmark", "JsonParsingBenchmark\JsonParsingBenchmark.csproj", "{9CDB30B4-E86B-4C78-9C82-FC5B576A7474}"
EndProject
Project("{9A19103F-16F7-4668-BE54-9A1E7A4F7556}") = "SemanticVersionBenchmarks", "SemanticVersion\SemanticVersionBenchmarks\SemanticVersionBenchmarks.csproj", "{3D828D34-F5D7-4BEE-B847-6CD263E6251C}"
EndProject
Project("{2150E333-8FDC-42A3-9474-1A3956D46DE8}") = "SemanticVersion", "SemanticVersion", "{DBD383EA-9263-422D-8026-0ED6983D04CF}"
EndProject
Project("{9A19103F-16F7-4668-BE54-9A1E7A4F7556}") = "zivkan.Benchmarks.Common", "zivkan.Benchmarks.Common\zivkan.Benchmarks.Common.csproj", "{7F2FB5B2-BBDC-49FC-BC51-37ADC50C665D}"
EndProject
Project("{FAE04EC0-301F-11D3-BF4B-00C04F79EFBC}") = "SemanticVersionTests", "SemanticVersion\SemanticVersionTests\SemanticVersionTests.csproj", "{E4635DF5-71F9-4289-9914-1B655B215E54}"
EndProject
Project("{FAE04EC0-301F-11D3-BF4B-00C04F79EFBC}") = "WritePerformance", "WritePerformance\WritePerformance.csproj", "{627B3078-E03F-4BC1-9492-39B1474A89BE}"
EndProject
Global
	GlobalSection(SolutionConfigurationPlatforms) = preSolution
		Debug|Any CPU = Debug|Any CPU
		Release|Any CPU = Release|Any CPU
	EndGlobalSection
	GlobalSection(ProjectConfigurationPlatforms) = postSolution
		{287630D8-052A-435E-9297-BD49B67C2279}.Debug|Any CPU.ActiveCfg = Debug|Any CPU
		{287630D8-052A-435E-9297-BD49B67C2279}.Debug|Any CPU.Build.0 = Debug|Any CPU
		{287630D8-052A-435E-9297-BD49B67C2279}.Release|Any CPU.ActiveCfg = Release|Any CPU
		{287630D8-052A-435E-9297-BD49B67C2279}.Release|Any CPU.Build.0 = Release|Any CPU
		{B8501ABC-345D-4EE5-A88A-D0A2DCCBB3A5}.Debug|Any CPU.ActiveCfg = Debug|Any CPU
		{B8501ABC-345D-4EE5-A88A-D0A2DCCBB3A5}.Debug|Any CPU.Build.0 = Debug|Any CPU
		{B8501ABC-345D-4EE5-A88A-D0A2DCCBB3A5}.Release|Any CPU.ActiveCfg = Release|Any CPU
		{B8501ABC-345D-4EE5-A88A-D0A2DCCBB3A5}.Release|Any CPU.Build.0 = Release|Any CPU
		{ECC72AB1-D2FD-4068-BA62-9498DDB05F68}.Debug|Any CPU.ActiveCfg = Debug|Any CPU
		{ECC72AB1-D2FD-4068-BA62-9498DDB05F68}.Debug|Any CPU.Build.0 = Debug|Any CPU
		{ECC72AB1-D2FD-4068-BA62-9498DDB05F68}.Release|Any CPU.ActiveCfg = Release|Any CPU
		{ECC72AB1-D2FD-4068-BA62-9498DDB05F68}.Release|Any CPU.Build.0 = Release|Any CPU
		{9CDB30B4-E86B-4C78-9C82-FC5B576A7474}.Debug|Any CPU.ActiveCfg = Debug|Any CPU
		{9CDB30B4-E86B-4C78-9C82-FC5B576A7474}.Debug|Any CPU.Build.0 = Debug|Any CPU
		{9CDB30B4-E86B-4C78-9C82-FC5B576A7474}.Release|Any CPU.ActiveCfg = Release|Any CPU
		{9CDB30B4-E86B-4C78-9C82-FC5B576A7474}.Release|Any CPU.Build.0 = Release|Any CPU
		{3D828D34-F5D7-4BEE-B847-6CD263E6251C}.Debug|Any CPU.ActiveCfg = Debug|Any CPU
		{3D828D34-F5D7-4BEE-B847-6CD263E6251C}.Debug|Any CPU.Build.0 = Debug|Any CPU
		{3D828D34-F5D7-4BEE-B847-6CD263E6251C}.Release|Any CPU.ActiveCfg = Release|Any CPU
		{3D828D34-F5D7-4BEE-B847-6CD263E6251C}.Release|Any CPU.Build.0 = Release|Any CPU
		{7F2FB5B2-BBDC-49FC-BC51-37ADC50C665D}.Debug|Any CPU.ActiveCfg = Debug|Any CPU
		{7F2FB5B2-BBDC-49FC-BC51-37ADC50C665D}.Debug|Any CPU.Build.0 = Debug|Any CPU
		{7F2FB5B2-BBDC-49FC-BC51-37ADC50C665D}.Release|Any CPU.ActiveCfg = Release|Any CPU
		{7F2FB5B2-BBDC-49FC-BC51-37ADC50C665D}.Release|Any CPU.Build.0 = Release|Any CPU
		{E4635DF5-71F9-4289-9914-1B655B215E54}.Debug|Any CPU.ActiveCfg = Debug|Any CPU
		{E4635DF5-71F9-4289-9914-1B655B215E54}.Debug|Any CPU.Build.0 = Debug|Any CPU
		{E4635DF5-71F9-4289-9914-1B655B215E54}.Release|Any CPU.ActiveCfg = Release|Any CPU
		{E4635DF5-71F9-4289-9914-1B655B215E54}.Release|Any CPU.Build.0 = Release|Any CPU
		{627B3078-E03F-4BC1-9492-39B1474A89BE}.Debug|Any CPU.ActiveCfg = Debug|Any CPU
		{627B3078-E03F-4BC1-9492-39B1474A89BE}.Debug|Any CPU.Build.0 = Debug|Any CPU
		{627B3078-E03F-4BC1-9492-39B1474A89BE}.Release|Any CPU.ActiveCfg = Release|Any CPU
		{627B3078-E03F-4BC1-9492-39B1474A89BE}.Release|Any CPU.Build.0 = Release|Any CPU
	EndGlobalSection
	GlobalSection(SolutionProperties) = preSolution
		HideSolutionNode = FALSE
	EndGlobalSection
	GlobalSection(NestedProjects) = preSolution
		{B8501ABC-345D-4EE5-A88A-D0A2DCCBB3A5} = {7BD3628F-58E4-450D-8C80-30499C4EC80B}
		{ECC72AB1-D2FD-4068-BA62-9498DDB05F68} = {7BD3628F-58E4-450D-8C80-30499C4EC80B}
		{3D828D34-F5D7-4BEE-B847-6CD263E6251C} = {DBD383EA-9263-422D-8026-0ED6983D04CF}
		{E4635DF5-71F9-4289-9914-1B655B215E54} = {DBD383EA-9263-422D-8026-0ED6983D04CF}
	EndGlobalSection
	GlobalSection(ExtensibilityGlobals) = postSolution
		SolutionGuid = {4D148A49-FFD3-48F9-90E3-FE3224FDB575}
	EndGlobalSection
EndGlobal
